
Microsoft Visual Studio Solution File, Format Version 12.00
# Visual Studio 15
VisualStudioVersion = 15.0.26730.16
MinimumVisualStudioVersion = 10.0.40219.1
Project("{FAE04EC0-301F-11D3-BF4B-00C04F79EFBC}") = "XamlLayoutSample.Android", "XamlLayoutSample\XamlLayoutSample.Android\XamlLayoutSample.Android.csproj", "{1D9B0AB8-0167-43AC-A57F-9838FED9BDD4}"
EndProject
Project("{FAE04EC0-301F-11D3-BF4B-00C04F79EFBC}") = "XamlLayoutSample", "XamlLayoutSample\XamlLayoutSample\XamlLayoutSample.csproj", "{E7F637D4-D04C-4C4B-911D-83F51E4FC79D}"
EndProject
Project("{FAE04EC0-301F-11D3-BF4B-00C04F79EFBC}") = "XamlLayoutSample.UWP", "XamlLayoutSample\XamlLayoutSample.UWP\XamlLayoutSample.UWP.csproj", "{647BCD37-CBDF-4E74-81C6-14E7FAEA18B2}"
EndProject
Project("{FAE04EC0-301F-11D3-BF4B-00C04F79EFBC}") = "XamlLayoutSample.iOS", "XamlLayoutSample\XamlLayoutSample.iOS\XamlLayoutSample.iOS.csproj", "{02BF3F1A-7915-47C8-8717-C5E1EC62EC3C}"
EndProject
Global
	GlobalSection(SolutionConfigurationPlatforms) = preSolution
		Ad-Hoc|Any CPU = Ad-Hoc|Any CPU
		Ad-Hoc|ARM = Ad-Hoc|ARM
		Ad-Hoc|iPhone = Ad-Hoc|iPhone
		Ad-Hoc|iPhoneSimulator = Ad-Hoc|iPhoneSimulator
		Ad-Hoc|x64 = Ad-Hoc|x64
		Ad-Hoc|x86 = Ad-Hoc|x86
		AppStore|Any CPU = AppStore|Any CPU
		AppStore|ARM = AppStore|ARM
		AppStore|iPhone = AppStore|iPhone
		AppStore|iPhoneSimulator = AppStore|iPhoneSimulator
		AppStore|x64 = AppStore|x64
		AppStore|x86 = AppStore|x86
		Debug|Any CPU = Debug|Any CPU
		Debug|ARM = Debug|ARM
		Debug|iPhone = Debug|iPhone
		Debug|iPhoneSimulator = Debug|iPhoneSimulator
		Debug|x64 = Debug|x64
		Debug|x86 = Debug|x86
		Release|Any CPU = Release|Any CPU
		Release|ARM = Release|ARM
		Release|iPhone = Release|iPhone
		Release|iPhoneSimulator = Release|iPhoneSimulator
		Release|x64 = Release|x64
		Release|x86 = Release|x86
	EndGlobalSection
	GlobalSection(ProjectConfigurationPlatforms) = postSolution
		{1D9B0AB8-0167-43AC-A57F-9838FED9BDD4}.Ad-Hoc|Any CPU.ActiveCfg = Release|Any CPU
		{1D9B0AB8-0167-43AC-A57F-9838FED9BDD4}.Ad-Hoc|Any CPU.Build.0 = Release|Any CPU
		{1D9B0AB8-0167-43AC-A57F-9838FED9BDD4}.Ad-Hoc|Any CPU.Deploy.0 = Release|Any CPU
		{1D9B0AB8-0167-43AC-A57F-9838FED9BDD4}.Ad-Hoc|ARM.ActiveCfg = Release|Any CPU
		{1D9B0AB8-0167-43AC-A57F-9838FED9BDD4}.Ad-Hoc|ARM.Build.0 = Release|Any CPU
		{1D9B0AB8-0167-43AC-A57F-9838FED9BDD4}.Ad-Hoc|ARM.Deploy.0 = Release|Any CPU
		{1D9B0AB8-0167-43AC-A57F-9838FED9BDD4}.Ad-Hoc|iPhone.ActiveCfg = Release|Any CPU
		{1D9B0AB8-0167-43AC-A57F-9838FED9BDD4}.Ad-Hoc|iPhone.Build.0 = Release|Any CPU
		{1D9B0AB8-0167-43AC-A57F-9838FED9BDD4}.Ad-Hoc|iPhone.Deploy.0 = Release|Any CPU
		{1D9B0AB8-0167-43AC-A57F-9838FED9BDD4}.Ad-Hoc|iPhoneSimulator.ActiveCfg = Release|Any CPU
		{1D9B0AB8-0167-43AC-A57F-9838FED9BDD4}.Ad-Hoc|iPhoneSimulator.Build.0 = Release|Any CPU
		{1D9B0AB8-0167-43AC-A57F-9838FED9BDD4}.Ad-Hoc|iPhoneSimulator.Deploy.0 = Release|Any CPU
		{1D9B0AB8-0167-43AC-A57F-9838FED9BDD4}.Ad-Hoc|x64.ActiveCfg = Release|Any CPU
		{1D9B0AB8-0167-43AC-A57F-9838FED9BDD4}.Ad-Hoc|x64.Build.0 = Release|Any CPU
		{1D9B0AB8-0167-43AC-A57F-9838FED9BDD4}.Ad-Hoc|x64.Deploy.0 = Release|Any CPU
		{1D9B0AB8-0167-43AC-A57F-9838FED9BDD4}.Ad-Hoc|x86.ActiveCfg = Release|Any CPU
		{1D9B0AB8-0167-43AC-A57F-9838FED9BDD4}.Ad-Hoc|x86.Build.0 = Release|Any CPU
		{1D9B0AB8-0167-43AC-A57F-9838FED9BDD4}.Ad-Hoc|x86.Deploy.0 = Release|Any CPU
		{1D9B0AB8-0167-43AC-A57F-9838FED9BDD4}.AppStore|Any CPU.ActiveCfg = Release|Any CPU
		{1D9B0AB8-0167-43AC-A57F-9838FED9BDD4}.AppStore|Any CPU.Build.0 = Release|Any CPU
		{1D9B0AB8-0167-43AC-A57F-9838FED9BDD4}.AppStore|Any CPU.Deploy.0 = Release|Any CPU
		{1D9B0AB8-0167-43AC-A57F-9838FED9BDD4}.AppStore|ARM.ActiveCfg = Release|Any CPU
		{1D9B0AB8-0167-43AC-A57F-9838FED9BDD4}.AppStore|ARM.Build.0 = Release|Any CPU
		{1D9B0AB8-0167-43AC-A57F-9838FED9BDD4}.AppStore|ARM.Deploy.0 = Release|Any CPU
		{1D9B0AB8-0167-43AC-A57F-9838FED9BDD4}.AppStore|iPhone.ActiveCfg = Release|Any CPU
		{1D9B0AB8-0167-43AC-A57F-9838FED9BDD4}.AppStore|iPhone.Build.0 = Release|Any CPU
		{1D9B0AB8-0167-43AC-A57F-9838FED9BDD4}.AppStore|iPhone.Deploy.0 = Release|Any CPU
		{1D9B0AB8-0167-43AC-A57F-9838FED9BDD4}.AppStore|iPhoneSimulator.ActiveCfg = Release|Any CPU
		{1D9B0AB8-0167-43AC-A57F-9838FED9BDD4}.AppStore|iPhoneSimulator.Build.0 = Release|Any CPU
		{1D9B0AB8-0167-43AC-A57F-9838FED9BDD4}.AppStore|iPhoneSimulator.Deploy.0 = Release|Any CPU
		{1D9B0AB8-0167-43AC-A57F-9838FED9BDD4}.AppStore|x64.ActiveCfg = Release|Any CPU
		{1D9B0AB8-0167-43AC-A57F-9838FED9BDD4}.AppStore|x64.Build.0 = Release|Any CPU
		{1D9B0AB8-0167-43AC-A57F-9838FED9BDD4}.AppStore|x64.Deploy.0 = Release|Any CPU
		{1D9B0AB8-0167-43AC-A57F-9838FED9BDD4}.AppStore|x86.ActiveCfg = Release|Any CPU
		{1D9B0AB8-0167-43AC-A57F-9838FED9BDD4}.AppStore|x86.Build.0 = Release|Any CPU
		{1D9B0AB8-0167-43AC-A57F-9838FED9BDD4}.AppStore|x86.Deploy.0 = Release|Any CPU
		{1D9B0AB8-0167-43AC-A57F-9838FED9BDD4}.Debug|Any CPU.ActiveCfg = Debug|Any CPU
		{1D9B0AB8-0167-43AC-A57F-9838FED9BDD4}.Debug|Any CPU.Build.0 = Debug|Any CPU
		{1D9B0AB8-0167-43AC-A57F-9838FED9BDD4}.Debug|Any CPU.Deploy.0 = Debug|Any CPU
		{1D9B0AB8-0167-43AC-A57F-9838FED9BDD4}.Debug|ARM.ActiveCfg = Debug|Any CPU
		{1D9B0AB8-0167-43AC-A57F-9838FED9BDD4}.Debug|ARM.Build.0 = Debug|Any CPU
		{1D9B0AB8-0167-43AC-A57F-9838FED9BDD4}.Debug|ARM.Deploy.0 = Debug|Any CPU
		{1D9B0AB8-0167-43AC-A57F-9838FED9BDD4}.Debug|iPhone.ActiveCfg = Debug|Any CPU
		{1D9B0AB8-0167-43AC-A57F-9838FED9BDD4}.Debug|iPhone.Build.0 = Debug|Any CPU
		{1D9B0AB8-0167-43AC-A57F-9838FED9BDD4}.Debug|iPhone.Deploy.0 = Debug|Any CPU
		{1D9B0AB8-0167-43AC-A57F-9838FED9BDD4}.Debug|iPhoneSimulator.ActiveCfg = Debug|Any CPU
		{1D9B0AB8-0167-43AC-A57F-9838FED9BDD4}.Debug|iPhoneSimulator.Build.0 = Debug|Any CPU
		{1D9B0AB8-0167-43AC-A57F-9838FED9BDD4}.Debug|iPhoneSimulator.Deploy.0 = Debug|Any CPU
		{1D9B0AB8-0167-43AC-A57F-9838FED9BDD4}.Debug|x64.ActiveCfg = Debug|Any CPU
		{1D9B0AB8-0167-43AC-A57F-9838FED9BDD4}.Debug|x64.Build.0 = Debug|Any CPU
		{1D9B0AB8-0167-43AC-A57F-9838FED9BDD4}.Debug|x64.Deploy.0 = Debug|Any CPU
		{1D9B0AB8-0167-43AC-A57F-9838FED9BDD4}.Debug|x86.ActiveCfg = Debug|Any CPU
		{1D9B0AB8-0167-43AC-A57F-9838FED9BDD4}.Debug|x86.Build.0 = Debug|Any CPU
		{1D9B0AB8-0167-43AC-A57F-9838FED9BDD4}.Debug|x86.Deploy.0 = Debug|Any CPU
		{1D9B0AB8-0167-43AC-A57F-9838FED9BDD4}.Release|Any CPU.ActiveCfg = Release|Any CPU
		{1D9B0AB8-0167-43AC-A57F-9838FED9BDD4}.Release|Any CPU.Build.0 = Release|Any CPU
		{1D9B0AB8-0167-43AC-A57F-9838FED9BDD4}.Release|Any CPU.Deploy.0 = Release|Any CPU
		{1D9B0AB8-0167-43AC-A57F-9838FED9BDD4}.Release|ARM.ActiveCfg = Release|Any CPU
		{1D9B0AB8-0167-43AC-A57F-9838FED9BDD4}.Release|ARM.Build.0 = Release|Any CPU
		{1D9B0AB8-0167-43AC-A57F-9838FED9BDD4}.Release|ARM.Deploy.0 = Release|Any CPU
		{1D9B0AB8-0167-43AC-A57F-9838FED9BDD4}.Release|iPhone.ActiveCfg = Release|Any CPU
		{1D9B0AB8-0167-43AC-A57F-9838FED9BDD4}.Release|iPhone.Build.0 = Release|Any CPU
		{1D9B0AB8-0167-43AC-A57F-9838FED9BDD4}.Release|iPhone.Deploy.0 = Release|Any CPU
		{1D9B0AB8-0167-43AC-A57F-9838FED9BDD4}.Release|iPhoneSimulator.ActiveCfg = Release|Any CPU
		{1D9B0AB8-0167-43AC-A57F-9838FED9BDD4}.Release|iPhoneSimulator.Build.0 = Release|Any CPU
		{1D9B0AB8-0167-43AC-A57F-9838FED9BDD4}.Release|iPhoneSimulator.Deploy.0 = Release|Any CPU
		{1D9B0AB8-0167-43AC-A57F-9838FED9BDD4}.Release|x64.ActiveCfg = Release|Any CPU
		{1D9B0AB8-0167-43AC-A57F-9838FED9BDD4}.Release|x64.Build.0 = Release|Any CPU
		{1D9B0AB8-0167-43AC-A57F-9838FED9BDD4}.Release|x64.Deploy.0 = Release|Any CPU
		{1D9B0AB8-0167-43AC-A57F-9838FED9BDD4}.Release|x86.ActiveCfg = Release|Any CPU
		{1D9B0AB8-0167-43AC-A57F-9838FED9BDD4}.Release|x86.Build.0 = Release|Any CPU
		{1D9B0AB8-0167-43AC-A57F-9838FED9BDD4}.Release|x86.Deploy.0 = Release|Any CPU
		{E7F637D4-D04C-4C4B-911D-83F51E4FC79D}.Ad-Hoc|Any CPU.ActiveCfg = Release|Any CPU
		{E7F637D4-D04C-4C4B-911D-83F51E4FC79D}.Ad-Hoc|Any CPU.Build.0 = Release|Any CPU
		{E7F637D4-D04C-4C4B-911D-83F51E4FC79D}.Ad-Hoc|ARM.ActiveCfg = Release|Any CPU
		{E7F637D4-D04C-4C4B-911D-83F51E4FC79D}.Ad-Hoc|ARM.Build.0 = Release|Any CPU
		{E7F637D4-D04C-4C4B-911D-83F51E4FC79D}.Ad-Hoc|iPhone.ActiveCfg = Release|Any CPU
		{E7F637D4-D04C-4C4B-911D-83F51E4FC79D}.Ad-Hoc|iPhone.Build.0 = Release|Any CPU
		{E7F637D4-D04C-4C4B-911D-83F51E4FC79D}.Ad-Hoc|iPhoneSimulator.ActiveCfg = Release|Any CPU
		{E7F637D4-D04C-4C4B-911D-83F51E4FC79D}.Ad-Hoc|iPhoneSimulator.Build.0 = Release|Any CPU
		{E7F637D4-D04C-4C4B-911D-83F51E4FC79D}.Ad-Hoc|x64.ActiveCfg = Release|Any CPU
		{E7F637D4-D04C-4C4B-911D-83F51E4FC79D}.Ad-Hoc|x64.Build.0 = Release|Any CPU
		{E7F637D4-D04C-4C4B-911D-83F51E4FC79D}.Ad-Hoc|x86.ActiveCfg = Release|Any CPU
		{E7F637D4-D04C-4C4B-911D-83F51E4FC79D}.Ad-Hoc|x86.Build.0 = Release|Any CPU
		{E7F637D4-D04C-4C4B-911D-83F51E4FC79D}.AppStore|Any CPU.ActiveCfg = Release|Any CPU
		{E7F637D4-D04C-4C4B-911D-83F51E4FC79D}.AppStore|Any CPU.Build.0 = Release|Any CPU
		{E7F637D4-D04C-4C4B-911D-83F51E4FC79D}.AppStore|ARM.ActiveCfg = Release|Any CPU
		{E7F637D4-D04C-4C4B-911D-83F51E4FC79D}.AppStore|ARM.Build.0 = Release|Any CPU
		{E7F637D4-D04C-4C4B-911D-83F51E4FC79D}.AppStore|iPhone.ActiveCfg = Release|Any CPU
		{E7F637D4-D04C-4C4B-911D-83F51E4FC79D}.AppStore|iPhone.Build.0 = Release|Any CPU
		{E7F637D4-D04C-4C4B-911D-83F51E4FC79D}.AppStore|iPhoneSimulator.ActiveCfg = Release|Any CPU
		{E7F637D4-D04C-4C4B-911D-83F51E4FC79D}.AppStore|iPhoneSimulator.Build.0 = Release|Any CPU
		{E7F637D4-D04C-4C4B-911D-83F51E4FC79D}.AppStore|x64.ActiveCfg = Release|Any CPU
		{E7F637D4-D04C-4C4B-911D-83F51E4FC79D}.AppStore|x64.Build.0 = Release|Any CPU
		{E7F637D4-D04C-4C4B-911D-83F51E4FC79D}.AppStore|x86.ActiveCfg = Release|Any CPU
		{E7F637D4-D04C-4C4B-911D-83F51E4FC79D}.AppStore|x86.Build.0 = Release|Any CPU
		{E7F637D4-D04C-4C4B-911D-83F51E4FC79D}.Debug|Any CPU.ActiveCfg = Debug|Any CPU
		{E7F637D4-D04C-4C4B-911D-83F51E4FC79D}.Debug|Any CPU.Build.0 = Debug|Any CPU
		{E7F637D4-D04C-4C4B-911D-83F51E4FC79D}.Debug|ARM.ActiveCfg = Debug|Any CPU
		{E7F637D4-D04C-4C4B-911D-83F51E4FC79D}.Debug|ARM.Build.0 = Debug|Any CPU
		{E7F637D4-D04C-4C4B-911D-83F51E4FC79D}.Debug|iPhone.ActiveCfg = Debug|Any CPU
		{E7F637D4-D04C-4C4B-911D-83F51E4FC79D}.Debug|iPhone.Build.0 = Debug|Any CPU
		{E7F637D4-D04C-4C4B-911D-83F51E4FC79D}.Debug|iPhoneSimulator.ActiveCfg = Debug|Any CPU
		{E7F637D4-D04C-4C4B-911D-83F51E4FC79D}.Debug|iPhoneSimulator.Build.0 = Debug|Any CPU
		{E7F637D4-D04C-4C4B-911D-83F51E4FC79D}.Debug|x64.ActiveCfg = Debug|Any CPU
		{E7F637D4-D04C-4C4B-911D-83F51E4FC79D}.Debug|x64.Build.0 = Debug|Any CPU
		{E7F637D4-D04C-4C4B-911D-83F51E4FC79D}.Debug|x86.ActiveCfg = Debug|Any CPU
		{E7F637D4-D04C-4C4B-911D-83F51E4FC79D}.Debug|x86.Build.0 = Debug|Any CPU
		{E7F637D4-D04C-4C4B-911D-83F51E4FC79D}.Release|Any CPU.ActiveCfg = Release|Any CPU
		{E7F637D4-D04C-4C4B-911D-83F51E4FC79D}.Release|Any CPU.Build.0 = Release|Any CPU
		{E7F637D4-D04C-4C4B-911D-83F51E4FC79D}.Release|ARM.ActiveCfg = Release|Any CPU
		{E7F637D4-D04C-4C4B-911D-83F51E4FC79D}.Release|ARM.Build.0 = Release|Any CPU
		{E7F637D4-D04C-4C4B-911D-83F51E4FC79D}.Release|iPhone.ActiveCfg = Release|Any CPU
		{E7F637D4-D04C-4C4B-911D-83F51E4FC79D}.Release|iPhone.Build.0 = Release|Any CPU
		{E7F637D4-D04C-4C4B-911D-83F51E4FC79D}.Release|iPhoneSimulator.ActiveCfg = Release|Any CPU
		{E7F637D4-D04C-4C4B-911D-83F51E4FC79D}.Release|iPhoneSimulator.Build.0 = Release|Any CPU
		{E7F637D4-D04C-4C4B-911D-83F51E4FC79D}.Release|x64.ActiveCfg = Release|Any CPU
		{E7F637D4-D04C-4C4B-911D-83F51E4FC79D}.Release|x64.Build.0 = Release|Any CPU
		{E7F637D4-D04C-4C4B-911D-83F51E4FC79D}.Release|x86.ActiveCfg = Release|Any CPU
		{E7F637D4-D04C-4C4B-911D-83F51E4FC79D}.Release|x86.Build.0 = Release|Any CPU
		{647BCD37-CBDF-4E74-81C6-14E7FAEA18B2}.Ad-Hoc|Any CPU.ActiveCfg = Release|x86
		{647BCD37-CBDF-4E74-81C6-14E7FAEA18B2}.Ad-Hoc|Any CPU.Build.0 = Release|x86
		{647BCD37-CBDF-4E74-81C6-14E7FAEA18B2}.Ad-Hoc|Any CPU.Deploy.0 = Release|x86
		{647BCD37-CBDF-4E74-81C6-14E7FAEA18B2}.Ad-Hoc|ARM.ActiveCfg = Release|ARM
		{647BCD37-CBDF-4E74-81C6-14E7FAEA18B2}.Ad-Hoc|ARM.Build.0 = Release|ARM
		{647BCD37-CBDF-4E74-81C6-14E7FAEA18B2}.Ad-Hoc|ARM.Deploy.0 = Release|ARM
		{647BCD37-CBDF-4E74-81C6-14E7FAEA18B2}.Ad-Hoc|iPhone.ActiveCfg = Release|x86
		{647BCD37-CBDF-4E74-81C6-14E7FAEA18B2}.Ad-Hoc|iPhone.Build.0 = Release|x86
		{647BCD37-CBDF-4E74-81C6-14E7FAEA18B2}.Ad-Hoc|iPhone.Deploy.0 = Release|x86
		{647BCD37-CBDF-4E74-81C6-14E7FAEA18B2}.Ad-Hoc|iPhoneSimulator.ActiveCfg = Release|x86
		{647BCD37-CBDF-4E74-81C6-14E7FAEA18B2}.Ad-Hoc|iPhoneSimulator.Build.0 = Release|x86
		{647BCD37-CBDF-4E74-81C6-14E7FAEA18B2}.Ad-Hoc|iPhoneSimulator.Deploy.0 = Release|x86
		{647BCD37-CBDF-4E74-81C6-14E7FAEA18B2}.Ad-Hoc|x64.ActiveCfg = Release|x64
		{647BCD37-CBDF-4E74-81C6-14E7FAEA18B2}.Ad-Hoc|x64.Build.0 = Release|x64
		{647BCD37-CBDF-4E74-81C6-14E7FAEA18B2}.Ad-Hoc|x64.Deploy.0 = Release|x64
		{647BCD37-CBDF-4E74-81C6-14E7FAEA18B2}.Ad-Hoc|x86.ActiveCfg = Release|x86
		{647BCD37-CBDF-4E74-81C6-14E7FAEA18B2}.Ad-Hoc|x86.Build.0 = Release|x86
		{647BCD37-CBDF-4E74-81C6-14E7FAEA18B2}.Ad-Hoc|x86.Deploy.0 = Release|x86
		{647BCD37-CBDF-4E74-81C6-14E7FAEA18B2}.AppStore|Any CPU.ActiveCfg = Release|x86
		{647BCD37-CBDF-4E74-81C6-14E7FAEA18B2}.AppStore|Any CPU.Build.0 = Release|x86
		{647BCD37-CBDF-4E74-81C6-14E7FAEA18B2}.AppStore|Any CPU.Deploy.0 = Release|x86
		{647BCD37-CBDF-4E74-81C6-14E7FAEA18B2}.AppStore|ARM.ActiveCfg = Release|ARM
		{647BCD37-CBDF-4E74-81C6-14E7FAEA18B2}.AppStore|ARM.Build.0 = Release|ARM
		{647BCD37-CBDF-4E74-81C6-14E7FAEA18B2}.AppStore|ARM.Deploy.0 = Release|ARM
		{647BCD37-CBDF-4E74-81C6-14E7FAEA18B2}.AppStore|iPhone.ActiveCfg = Release|x86
		{647BCD37-CBDF-4E74-81C6-14E7FAEA18B2}.AppStore|iPhone.Build.0 = Release|x86
		{647BCD37-CBDF-4E74-81C6-14E7FAEA18B2}.AppStore|iPhone.Deploy.0 = Release|x86
		{647BCD37-CBDF-4E74-81C6-14E7FAEA18B2}.AppStore|iPhoneSimulator.ActiveCfg = Release|x86
		{647BCD37-CBDF-4E74-81C6-14E7FAEA18B2}.AppStore|iPhoneSimulator.Build.0 = Release|x86
		{647BCD37-CBDF-4E74-81C6-14E7FAEA18B2}.AppStore|iPhoneSimulator.Deploy.0 = Release|x86
		{647BCD37-CBDF-4E74-81C6-14E7FAEA18B2}.AppStore|x64.ActiveCfg = Release|x64
		{647BCD37-CBDF-4E74-81C6-14E7FAEA18B2}.AppStore|x64.Build.0 = Release|x64
		{647BCD37-CBDF-4E74-81C6-14E7FAEA18B2}.AppStore|x64.Deploy.0 = Release|x64
		{647BCD37-CBDF-4E74-81C6-14E7FAEA18B2}.AppStore|x86.ActiveCfg = Release|x86
		{647BCD37-CBDF-4E74-81C6-14E7FAEA18B2}.AppStore|x86.Build.0 = Release|x86
		{647BCD37-CBDF-4E74-81C6-14E7FAEA18B2}.AppStore|x86.Deploy.0 = Release|x86
		{647BCD37-CBDF-4E74-81C6-14E7FAEA18B2}.Debug|Any CPU.ActiveCfg = Debug|x86
		{647BCD37-CBDF-4E74-81C6-14E7FAEA18B2}.Debug|ARM.ActiveCfg = Debug|ARM
		{647BCD37-CBDF-4E74-81C6-14E7FAEA18B2}.Debug|ARM.Build.0 = Debug|ARM
		{647BCD37-CBDF-4E74-81C6-14E7FAEA18B2}.Debug|ARM.Deploy.0 = Debug|ARM
		{647BCD37-CBDF-4E74-81C6-14E7FAEA18B2}.Debug|iPhone.ActiveCfg = Debug|x86
		{647BCD37-CBDF-4E74-81C6-14E7FAEA18B2}.Debug|iPhoneSimulator.ActiveCfg = Debug|x86
		{647BCD37-CBDF-4E74-81C6-14E7FAEA18B2}.Debug|x64.ActiveCfg = Debug|x64
		{647BCD37-CBDF-4E74-81C6-14E7FAEA18B2}.Debug|x64.Build.0 = Debug|x64
		{647BCD37-CBDF-4E74-81C6-14E7FAEA18B2}.Debug|x64.Deploy.0 = Debug|x64
		{647BCD37-CBDF-4E74-81C6-14E7FAEA18B2}.Debug|x86.ActiveCfg = Debug|x86
		{647BCD37-CBDF-4E74-81C6-14E7FAEA18B2}.Debug|x86.Build.0 = Debug|x86
		{647BCD37-CBDF-4E74-81C6-14E7FAEA18B2}.Debug|x86.Deploy.0 = Debug|x86
		{647BCD37-CBDF-4E74-81C6-14E7FAEA18B2}.Release|Any CPU.ActiveCfg = Release|x86
		{647BCD37-CBDF-4E74-81C6-14E7FAEA18B2}.Release|ARM.ActiveCfg = Release|ARM
		{647BCD37-CBDF-4E74-81C6-14E7FAEA18B2}.Release|ARM.Build.0 = Release|ARM
		{647BCD37-CBDF-4E74-81C6-14E7FAEA18B2}.Release|ARM.Deploy.0 = Release|ARM
		{647BCD37-CBDF-4E74-81C6-14E7FAEA18B2}.Release|iPhone.ActiveCfg = Release|x86
		{647BCD37-CBDF-4E74-81C6-14E7FAEA18B2}.Release|iPhoneSimulator.ActiveCfg = Release|x86
		{647BCD37-CBDF-4E74-81C6-14E7FAEA18B2}.Release|x64.ActiveCfg = Release|x64
		{647BCD37-CBDF-4E74-81C6-14E7FAEA18B2}.Release|x64.Build.0 = Release|x64
		{647BCD37-CBDF-4E74-81C6-14E7FAEA18B2}.Release|x64.Deploy.0 = Release|x64
		{647BCD37-CBDF-4E74-81C6-14E7FAEA18B2}.Release|x86.ActiveCfg = Release|x86
		{647BCD37-CBDF-4E74-81C6-14E7FAEA18B2}.Release|x86.Build.0 = Release|x86
		{647BCD37-CBDF-4E74-81C6-14E7FAEA18B2}.Release|x86.Deploy.0 = Release|x86
		{02BF3F1A-7915-47C8-8717-C5E1EC62EC3C}.Ad-Hoc|Any CPU.ActiveCfg = Ad-Hoc|iPhone
		{02BF3F1A-7915-47C8-8717-C5E1EC62EC3C}.Ad-Hoc|ARM.ActiveCfg = Ad-Hoc|iPhone
		{02BF3F1A-7915-47C8-8717-C5E1EC62EC3C}.Ad-Hoc|iPhone.ActiveCfg = Ad-Hoc|iPhone
		{02BF3F1A-7915-47C8-8717-C5E1EC62EC3C}.Ad-Hoc|iPhone.Build.0 = Ad-Hoc|iPhone
		{02BF3F1A-7915-47C8-8717-C5E1EC62EC3C}.Ad-Hoc|iPhoneSimulator.ActiveCfg = Ad-Hoc|iPhoneSimulator
		{02BF3F1A-7915-47C8-8717-C5E1EC62EC3C}.Ad-Hoc|iPhoneSimulator.Build.0 = Ad-Hoc|iPhoneSimulator
		{02BF3F1A-7915-47C8-8717-C5E1EC62EC3C}.Ad-Hoc|x64.ActiveCfg = Ad-Hoc|iPhone
		{02BF3F1A-7915-47C8-8717-C5E1EC62EC3C}.Ad-Hoc|x86.ActiveCfg = Ad-Hoc|iPhone
		{02BF3F1A-7915-47C8-8717-C5E1EC62EC3C}.AppStore|Any CPU.ActiveCfg = AppStore|iPhone
		{02BF3F1A-7915-47C8-8717-C5E1EC62EC3C}.AppStore|ARM.ActiveCfg = AppStore|iPhone
		{02BF3F1A-7915-47C8-8717-C5E1EC62EC3C}.AppStore|iPhone.ActiveCfg = AppStore|iPhone
		{02BF3F1A-7915-47C8-8717-C5E1EC62EC3C}.AppStore|iPhone.Build.0 = AppStore|iPhone
		{02BF3F1A-7915-47C8-8717-C5E1EC62EC3C}.AppStore|iPhoneSimulator.ActiveCfg = AppStore|iPhoneSimulator
		{02BF3F1A-7915-47C8-8717-C5E1EC62EC3C}.AppStore|iPhoneSimulator.Build.0 = AppStore|iPhoneSimulator
		{02BF3F1A-7915-47C8-8717-C5E1EC62EC3C}.AppStore|x64.ActiveCfg = AppStore|iPhone
		{02BF3F1A-7915-47C8-8717-C5E1EC62EC3C}.AppStore|x86.ActiveCfg = AppStore|iPhone
		{02BF3F1A-7915-47C8-8717-C5E1EC62EC3C}.Debug|Any CPU.ActiveCfg = Debug|iPhone
		{02BF3F1A-7915-47C8-8717-C5E1EC62EC3C}.Debug|ARM.ActiveCfg = Debug|iPhone
		{02BF3F1A-7915-47C8-8717-C5E1EC62EC3C}.Debug|iPhone.ActiveCfg = Debug|iPhone
		{02BF3F1A-7915-47C8-8717-C5E1EC62EC3C}.Debug|iPhone.Build.0 = Debug|iPhone
		{02BF3F1A-7915-47C8-8717-C5E1EC62EC3C}.Debug|iPhoneSimulator.ActiveCfg = Debug|iPhoneSimulator
		{02BF3F1A-7915-47C8-8717-C5E1EC62EC3C}.Debug|iPhoneSimulator.Build.0 = Debug|iPhoneSimulator
		{02BF3F1A-7915-47C8-8717-C5E1EC62EC3C}.Debug|x64.ActiveCfg = Debug|iPhone
		{02BF3F1A-7915-47C8-8717-C5E1EC62EC3C}.Debug|x86.ActiveCfg = Debug|iPhone
		{02BF3F1A-7915-47C8-8717-C5E1EC62EC3C}.Release|Any CPU.ActiveCfg = Release|iPhone
		{02BF3F1A-7915-47C8-8717-C5E1EC62EC3C}.Release|ARM.ActiveCfg = Release|iPhone
		{02BF3F1A-7915-47C8-8717-C5E1EC62EC3C}.Release|iPhone.ActiveCfg = Release|iPhone
		{02BF3F1A-7915-47C8-8717-C5E1EC62EC3C}.Release|iPhone.Build.0 = Release|iPhone
		{02BF3F1A-7915-47C8-8717-C5E1EC62EC3C}.Release|iPhoneSimulator.ActiveCfg = Release|iPhoneSimulator
		{02BF3F1A-7915-47C8-8717-C5E1EC62EC3C}.Release|iPhoneSimulator.Build.0 = Release|iPhoneSimulator
		{02BF3F1A-7915-47C8-8717-C5E1EC62EC3C}.Release|x64.ActiveCfg = Release|iPhone
		{02BF3F1A-7915-47C8-8717-C5E1EC62EC3C}.Release|x86.ActiveCfg = Release|iPhone
	EndGlobalSection
	GlobalSection(SolutionProperties) = preSolution
		HideSolutionNode = FALSE
	EndGlobalSection
	GlobalSection(ExtensibilityGlobals) = postSolution
		SolutionGuid = {16852253-8E2B-4871-8B3D-E7AD1D561F5B}
	EndGlobalSection
EndGlobal
